
Microsoft Visual Studio Solution File, Format Version 12.00
# Visual Studio Version 16
VisualStudioVersion = 16.0.31402.337
MinimumVisualStudioVersion = 10.0.40219.1
Project("{9A19103F-16F7-4668-BE54-9A1E7A4F7556}") = "Elegant.Web", "Elegant.Web\Elegant.Web.csproj", "{CFB6BB44-E1FE-4A2D-AA5D-CADFCBF185C0}"
EndProject
Project("{9A19103F-16F7-4668-BE54-9A1E7A4F7556}") = "Elegant.Core", "Elegant.Core\Elegant.Core.csproj", "{F4C8DF7A-D892-4E7A-93BA-EA6F9FCB80E5}"
EndProject
Project("{9A19103F-16F7-4668-BE54-9A1E7A4F7556}") = "Elegant.Infrastructure", "Elegant.Infrastructure\Elegant.Infrastructure.csproj", "{FAFE9277-0DD4-4759-8493-EF2A8ABCDC82}"
EndProject
Global
	GlobalSection(SolutionConfigurationPlatforms) = preSolution
		Debug|Any CPU = Debug|Any CPU
		Release|Any CPU = Release|Any CPU
	EndGlobalSection
	GlobalSection(ProjectConfigurationPlatforms) = postSolution
		{CFB6BB44-E1FE-4A2D-AA5D-CADFCBF185C0}.Debug|Any CPU.ActiveCfg = Debug|Any CPU
		{CFB6BB44-E1FE-4A2D-AA5D-CADFCBF185C0}.Debug|Any CPU.Build.0 = Debug|Any CPU
		{CFB6BB44-E1FE-4A2D-AA5D-CADFCBF185C0}.Release|Any CPU.ActiveCfg = Release|Any CPU
		{CFB6BB44-E1FE-4A2D-AA5D-CADFCBF185C0}.Release|Any CPU.Build.0 = Release|Any CPU
		{F4C8DF7A-D892-4E7A-93BA-EA6F9FCB80E5}.Debug|Any CPU.ActiveCfg = Debug|Any CPU
		{F4C8DF7A-D892-4E7A-93BA-EA6F9FCB80E5}.Debug|Any CPU.Build.0 = Debug|Any CPU
		{F4C8DF7A-D892-4E7A-93BA-EA6F9FCB80E5}.Release|Any CPU.ActiveCfg = Release|Any CPU
		{F4C8DF7A-D892-4E7A-93BA-EA6F9FCB80E5}.Release|Any CPU.Build.0 = Release|Any CPU
		{FAFE9277-0DD4-4759-8493-EF2A8ABCDC82}.Debug|Any CPU.ActiveCfg = Debug|Any CPU
		{FAFE9277-0DD4-4759-8493-EF2A8ABCDC82}.Debug|Any CPU.Build.0 = Debug|Any CPU
		{FAFE9277-0DD4-4759-8493-EF2A8ABCDC82}.Release|Any CPU.ActiveCfg = Release|Any CPU
		{FAFE9277-0DD4-4759-8493-EF2A8ABCDC82}.Release|Any CPU.Build.0 = Release|Any CPU
	EndGlobalSection
	GlobalSection(SolutionProperties) = preSolution
		HideSolutionNode = FALSE
	EndGlobalSection
	GlobalSection(ExtensibilityGlobals) = postSolution
		SolutionGuid = {BA2F58E0-0A50-4BDA-861B-23DDB925F3BC}
	EndGlobalSection
EndGlobal
