
Microsoft Visual Studio Solution File, Format Version 12.00
# Visual Studio 15
VisualStudioVersion = 15.0.27703.2035
MinimumVisualStudioVersion = 10.0.40219.1
Project("{9A19103F-16F7-4668-BE54-9A1E7A4F7556}") = "Elegant.Web", "ElegantArchitecture.Web\Elegant.Web.csproj", "{0C7BDE37-AE2B-4383-AE27-CCB40BF2A55D}"
EndProject
Project("{9A19103F-16F7-4668-BE54-9A1E7A4F7556}") = "Elegant.Core", "ElegantArchitecture.Core\Elegant.Core.csproj", "{E2C31D1B-BA27-4819-9E0D-C63221E3B17F}"
EndProject
Project("{9A19103F-16F7-4668-BE54-9A1E7A4F7556}") = "Elegant.Infrastructure", "ElegantArchitecture.Infrastructure\Elegant.Infrastructure.csproj", "{1DD63E68-F5F5-47AF-A894-46AFFF25AC93}"
EndProject
Global
	GlobalSection(SolutionConfigurationPlatforms) = preSolution
		Debug|Any CPU = Debug|Any CPU
		Release|Any CPU = Release|Any CPU
	EndGlobalSection
	GlobalSection(ProjectConfigurationPlatforms) = postSolution
		{0C7BDE37-AE2B-4383-AE27-CCB40BF2A55D}.Debug|Any CPU.ActiveCfg = Debug|Any CPU
		{0C7BDE37-AE2B-4383-AE27-CCB40BF2A55D}.Debug|Any CPU.Build.0 = Debug|Any CPU
		{0C7BDE37-AE2B-4383-AE27-CCB40BF2A55D}.Release|Any CPU.ActiveCfg = Release|Any CPU
		{0C7BDE37-AE2B-4383-AE27-CCB40BF2A55D}.Release|Any CPU.Build.0 = Release|Any CPU
		{E2C31D1B-BA27-4819-9E0D-C63221E3B17F}.Debug|Any CPU.ActiveCfg = Debug|Any CPU
		{E2C31D1B-BA27-4819-9E0D-C63221E3B17F}.Debug|Any CPU.Build.0 = Debug|Any CPU
		{E2C31D1B-BA27-4819-9E0D-C63221E3B17F}.Release|Any CPU.ActiveCfg = Release|Any CPU
		{E2C31D1B-BA27-4819-9E0D-C63221E3B17F}.Release|Any CPU.Build.0 = Release|Any CPU
		{1DD63E68-F5F5-47AF-A894-46AFFF25AC93}.Debug|Any CPU.ActiveCfg = Debug|Any CPU
		{1DD63E68-F5F5-47AF-A894-46AFFF25AC93}.Debug|Any CPU.Build.0 = Debug|Any CPU
		{1DD63E68-F5F5-47AF-A894-46AFFF25AC93}.Release|Any CPU.ActiveCfg = Release|Any CPU
		{1DD63E68-F5F5-47AF-A894-46AFFF25AC93}.Release|Any CPU.Build.0 = Release|Any CPU
	EndGlobalSection
	GlobalSection(SolutionProperties) = preSolution
		HideSolutionNode = FALSE
	EndGlobalSection
	GlobalSection(ExtensibilityGlobals) = postSolution
		SolutionGuid = {AB477D39-07B1-4993-B57A-7B7B99915116}
	EndGlobalSection
EndGlobal
